
Microsoft Visual Studio Solution File, Format Version 12.00
# Visual Studio Version 17
VisualStudioVersion = 17.8.34408.163
MinimumVisualStudioVersion = 10.0.40219.1
Project("{FAE04EC0-301F-11D3-BF4B-00C04F79EFBC}") = "RADSampleASP", "RADSampleASP\RADSampleASP.csproj", "{5AA217C7-6700-480E-A2F9-76FCA2D5DFC7}"
EndProject
Global
	GlobalSection(SolutionConfigurationPlatforms) = preSolution
		Debug|Any CPU = Debug|Any CPU
		Release|Any CPU = Release|Any CPU
	EndGlobalSection
	GlobalSection(ProjectConfigurationPlatforms) = postSolution
		{5AA217C7-6700-480E-A2F9-76FCA2D5DFC7}.Debug|Any CPU.ActiveCfg = Debug|Any CPU
		{5AA217C7-6700-480E-A2F9-76FCA2D5DFC7}.Debug|Any CPU.Build.0 = Debug|Any CPU
		{5AA217C7-6700-480E-A2F9-76FCA2D5DFC7}.Release|Any CPU.ActiveCfg = Release|Any CPU
		{5AA217C7-6700-480E-A2F9-76FCA2D5DFC7}.Release|Any CPU.Build.0 = Release|Any CPU
	EndGlobalSection
	GlobalSection(SolutionProperties) = preSolution
		HideSolutionNode = FALSE
	EndGlobalSection
	GlobalSection(ExtensibilityGlobals) = postSolution
		SolutionGuid = {3D1AD255-723D-45D4-B768-EDB1FE219AF3}
	EndGlobalSection
EndGlobal
